
Microsoft Visual Studio Solution File, Format Version 12.00
# Visual Studio Version 17
VisualStudioVersion = 17.14.36414.22 d17.14
MinimumVisualStudioVersion = 10.0.40219.1
Project("{FAE04EC0-301F-11D3-BF4B-00C04F79EFBC}") = "DCGest", "DCGest\DCGest.csproj", "{603BB159-DF16-4837-9368-B8ADA23626F9}"
EndProject
Global
	GlobalSection(SolutionConfigurationPlatforms) = preSolution
		Debug|Any CPU = Debug|Any CPU
		Release|Any CPU = Release|Any CPU
	EndGlobalSection
	GlobalSection(ProjectConfigurationPlatforms) = postSolution
		{603BB159-DF16-4837-9368-B8ADA23626F9}.Debug|Any CPU.ActiveCfg = Debug|Any CPU
		{603BB159-DF16-4837-9368-B8ADA23626F9}.Debug|Any CPU.Build.0 = Debug|Any CPU
		{603BB159-DF16-4837-9368-B8ADA23626F9}.Release|Any CPU.ActiveCfg = Release|Any CPU
		{603BB159-DF16-4837-9368-B8ADA23626F9}.Release|Any CPU.Build.0 = Release|Any CPU
	EndGlobalSection
	GlobalSection(SolutionProperties) = preSolution
		HideSolutionNode = FALSE
	EndGlobalSection
	GlobalSection(ExtensibilityGlobals) = postSolution
		SolutionGuid = {2BE5654F-67FA-4324-A924-A7DCEA662CDA}
	EndGlobalSection
EndGlobal
